{
  "requires": true,
  "lockfileVersion": 1,
  "dependencies": {
    "nodemailer": {
      "version": "6.4.16",
      "resolved": "https://registry.npm.taobao.org/nodemailer/download/nodemailer-6.4.16.tgz?cache=0&other_urls=https%3A%2F%2Fregistry.npm.taobao.org%2Fnodemailer%2Fdownload%2Fnodemailer-6.4.16.tgz",
      "integrity": "sha1-XLY5Gx15q37/Mtb59INmtacRcpM="
    }
  }
}
